// !$*UTF8*$!
{
	archiveVersion = 1;
	classes = {
	};
	objectVersion = 46;
	objects = {

/* Begin PBXBuildFile section */
		E97E99521E8E22BA00697E43 /* AppDelegate.swift in Sources */ = {isa = PBXBuildFile; fileRef = E97E99511E8E22BA00697E43 /* AppDelegate.swift */; };
		E97E99541E8E22BA00697E43 /* ViewController.swift in Sources */ = {isa = PBXBuildFile; fileRef = E97E99531E8E22BA00697E43 /* ViewController.swift */; };
		E97E99571E8E22BA00697E43 /* Main.storyboard in Resources */ = {isa = PBXBuildFile; fileRef = E97E99551E8E22BA00697E43 /* Main.storyboard */; };
		E97E99591E8E22BA00697E43 /* Assets.xcassets in Resources */ = {isa = PBXBuildFile; fileRef = E97E99581E8E22BA00697E43 /* Assets.xcassets */; };
		E97E995C1E8E22BA00697E43 /* LaunchScreen.storyboard in Resources */ = {isa = PBXBuildFile; fileRef = E97E995A1E8E22BA00697E43 /* LaunchScreen.storyboard */; };
		E97E99721E8E264700697E43 /* CustomView.h in Headers */ = {isa = PBXBuildFile; fileRef = E97E99701E8E264700697E43 /* CustomView.h */; settings = {ATTRIBUTES = (Public, ); }; };
		E97E99751E8E264700697E43 /* CustomView.framework in Frameworks */ = {isa = PBXBuildFile; fileRef = E97E996E1E8E264700697E43 /* CustomView.framework */; };
		E97E99761E8E264700697E43 /* CustomView.framework in Embed Frameworks */ = {isa = PBXBuildFile; fileRef = E97E996E1E8E264700697E43 /* CustomView.framework */; settings = {ATTRIBUTES = (CodeSignOnCopy, RemoveHeadersOnCopy, ); }; };
		E97E997C1E8E265E00697E43 /* CustomView.swift in Sources */ = {isa = PBXBuildFile; fileRef = E97E99671E8E22F500697E43 /* CustomView.swift */; };
/* End PBXBuildFile section */

/* Begin PBXContainerItemProxy section */
		E97E99731E8E264700697E43 /* PBXContainerItemProxy */ = {
			isa = PBXContainerItemProxy;
			containerPortal = E97E99461E8E22BA00697E43 /* Project object */;
			proxyType = 1;
			remoteGlobalIDString = E97E996D1E8E264700697E43;
			remoteInfo = CustomView;
		};
/* End PBXContainerItemProxy section */

/* Begin PBXCopyFilesBuildPhase section */
		E97E997A1E8E264700697E43 /* Embed Frameworks */ = {
			isa = PBXCopyFilesBuildPhase;
			buildActionMask = 2147483647;
			dstPath = "";
			dstSubfolderSpec = 10;
			files = (
				E97E99761E8E264700697E43 /* CustomView.framework in Embed Frameworks */,
			);
			name = "Embed Frameworks";
			runOnlyForDeploymentPostprocessing = 0;
		};
/* End PBXCopyFilesBuildPhase section */

/* Begin PBXFileReference section */
		E97E994E1E8E22BA00697E43 /* DemoIBDesignableFromNib.app */ = {isa = PBXFileReference; explicitFileType = wrapper.application; includeInIndex = 0; path = DemoIBDesignableFromNib.app; sourceTree = BUILT_PRODUCTS_DIR; };
		E97E99511E8E22BA00697E43 /* AppDelegate.swift */ = {isa = PBXFileReference; lastKnownFileType = sourcecode.swift; path = AppDelegate.swift; sourceTree = "<group>"; };
		E97E99531E8E22BA00697E43 /* ViewController.swift */ = {isa = PBXFileReference; lastKnownFileType = sourcecode.swift; path = ViewController.swift; sourceTree = "<group>"; };
		E97E99561E8E22BA00697E43 /* Base */ = {isa = PBXFileReference; lastKnownFileType = file.storyboard; name = Base; path = Base.lproj/Main.storyboard; sourceTree = "<group>"; };
		E97E99581E8E22BA00697E43 /* Assets.xcassets */ = {isa = PBXFileReference; lastKnownFileType = folder.assetcatalog; path = Assets.xcassets; sourceTree = "<group>"; };
		E97E995B1E8E22BA00697E43 /* Base */ = {isa = PBXFileReference; lastKnownFileType = file.storyboard; name = Base; path = Base.lproj/LaunchScreen.storyboard; sourceTree = "<group>"; };
		E97E995D1E8E22BA00697E43 /* Info.plist */ = {isa = PBXFileReference; lastKnownFileType = text.plist.xml; path = Info.plist; sourceTree = "<group>"; };
		E97E99671E8E22F500697E43 /* CustomView.swift */ = {isa = PBXFileReference; fileEncoding = 4; lastKnownFileType = sourcecode.swift; name = CustomView.swift; path = ../DemoIBDesignableFromNib/CustomView.swift; sourceTree = "<group>"; };
		E97E996E1E8E264700697E43 /* CustomView.framework */ = {isa = PBXFileReference; explicitFileType = wrapper.framework; includeInIndex = 0; path = CustomView.framework; sourceTree = BUILT_PRODUCTS_DIR; };
		E97E99701E8E264700697E43 /* CustomView.h */ = {isa = PBXFileReference; lastKnownFileType = sourcecode.c.h; path = CustomView.h; sourceTree = "<group>"; };
		E97E99711E8E264700697E43 /* Info.plist */ = {isa = PBXFileReference; lastKnownFileType = text.plist.xml; path = Info.plist; sourceTree = "<group>"; };
/* End PBXFileReference section */

/* Begin PBXFrameworksBuildPhase section */
		E97E994B1E8E22BA00697E43 /* Frameworks */ = {
			isa = PBXFrameworksBuildPhase;
			buildActionMask = 2147483647;
			files = (
				E97E99751E8E264700697E43 /* CustomView.framework in Frameworks */,
			);
			runOnlyForDeploymentPostprocessing = 0;
		};
		E97E996A1E8E264700697E43 /* Frameworks */ = {
			isa = PBXFrameworksBuildPhase;
			buildActionMask = 2147483647;
			files = (
			);
			runOnlyForDeploymentPostprocessing = 0;
		};
/* End PBXFrameworksBuildPhase section */

/* Begin PBXGroup section */
		E97E99451E8E22BA00697E43 = {
			isa = PBXGroup;
			children = (
				E97E99501E8E22BA00697E43 /* DemoIBDesignableFromNib */,
				E97E996F1E8E264700697E43 /* CustomView */,
				E97E994F1E8E22BA00697E43 /* Products */,
			);
			sourceTree = "<group>";
		};
		E97E994F1E8E22BA00697E43 /* Products */ = {
			isa = PBXGroup;
			children = (
				E97E994E1E8E22BA00697E43 /* DemoIBDesignableFromNib.app */,
				E97E996E1E8E264700697E43 /* CustomView.framework */,
			);
			name = Products;
			sourceTree = "<group>";
		};
		E97E99501E8E22BA00697E43 /* DemoIBDesignableFromNib */ = {
			isa = PBXGroup;
			children = (
				E97E99511E8E22BA00697E43 /* AppDelegate.swift */,
				E97E99531E8E22BA00697E43 /* ViewController.swift */,
				E97E99551E8E22BA00697E43 /* Main.storyboard */,
				E97E99581E8E22BA00697E43 /* Assets.xcassets */,
				E97E995A1E8E22BA00697E43 /* LaunchScreen.storyboard */,
				E97E995D1E8E22BA00697E43 /* Info.plist */,
			);
			path = DemoIBDesignableFromNib;
			sourceTree = "<group>";
		};
		E97E996F1E8E264700697E43 /* CustomView */ = {
			isa = PBXGroup;
			children = (
				E97E99701E8E264700697E43 /* CustomView.h */,
				E97E99671E8E22F500697E43 /* CustomView.swift */,
				E97E99711E8E264700697E43 /* Info.plist */,
			);
			path = CustomView;
			sourceTree = "<group>";
		};
/* End PBXGroup section */

/* Begin PBXHeadersBuildPhase section */
		E97E996B1E8E264700697E43 /* Headers */ = {
			isa = PBXHeadersBuildPhase;
			buildActionMask = 2147483647;
			files = (
				E97E99721E8E264700697E43 /* CustomView.h in Headers */,
			);
			runOnlyForDeploymentPostprocessing = 0;
		};
/* End PBXHeadersBuildPhase section */

/* Begin PBXNativeTarget section */
		E97E994D1E8E22BA00697E43 /* DemoIBDesignableFromNib */ = {
			isa = PBXNativeTarget;
			buildConfigurationList = E97E99601E8E22BA00697E43 /* Build configuration list for PBXNativeTarget "DemoIBDesignableFromNib" */;
			buildPhases = (
				E97E994A1E8E22BA00697E43 /* Sources */,
				E97E994B1E8E22BA00697E43 /* Frameworks */,
				E97E994C1E8E22BA00697E43 /* Resources */,
				E97E997A1E8E264700697E43 /* Embed Frameworks */,
			);
			buildRules = (
			);
			dependencies = (
				E97E99741E8E264700697E43 /* PBXTargetDependency */,
			);
			name = DemoIBDesignableFromNib;
			productName = DemoIBDesignableFromNib;
			productReference = E97E994E1E8E22BA00697E43 /* DemoIBDesignableFromNib.app */;
			productType = "com.apple.product-type.application";
		};
		E97E996D1E8E264700697E43 /* CustomView */ = {
			isa = PBXNativeTarget;
			buildConfigurationList = E97E99771E8E264700697E43 /* Build configuration list for PBXNativeTarget "CustomView" */;
			buildPhases = (
				E97E99691E8E264700697E43 /* Sources */,
				E97E996A1E8E264700697E43 /* Frameworks */,
				E97E996B1E8E264700697E43 /* Headers */,
				E97E996C1E8E264700697E43 /* Resources */,
			);
			buildRules = (
			);
			dependencies = (
			);
			name = CustomView;
			productName = CustomView;
			productReference = E97E996E1E8E264700697E43 /* CustomView.framework */;
			productType = "com.apple.product-type.framework";
		};
/* End PBXNativeTarget section */

/* Begin PBXProject section */
		E97E99461E8E22BA00697E43 /* Project object */ = {
			isa = PBXProject;
			attributes = {
				LastSwiftUpdateCheck = 0820;
				LastUpgradeCheck = 0820;
				ORGANIZATIONNAME = "Luis Wu";
				TargetAttributes = {
					E97E994D1E8E22BA00697E43 = {
						CreatedOnToolsVersion = 8.2;
						DevelopmentTeam = 847G2LEU54;
						ProvisioningStyle = Automatic;
					};
					E97E996D1E8E264700697E43 = {
						CreatedOnToolsVersion = 8.2;
						DevelopmentTeam = 847G2LEU54;
						ProvisioningStyle = Automatic;
					};
				};
			};
			buildConfigurationList = E97E99491E8E22BA00697E43 /* Build configuration list for PBXProject "DemoIBDesignableFromNib" */;
			compatibilityVersion = "Xcode 3.2";
			developmentRegion = English;
			hasScannedForEncodings = 0;
			knownRegions = (
				en,
				Base,
			);
			mainGroup = E97E99451E8E22BA00697E43;
			productRefGroup = E97E994F1E8E22BA00697E43 /* Products */;
			projectDirPath = "";
			projectRoot = "";
			targets = (
				E97E994D1E8E22BA00697E43 /* DemoIBDesignableFromNib */,
				E97E996D1E8E264700697E43 /* CustomView */,
			);
		};
/* End PBXProject section */

/* Begin PBXResourcesBuildPhase section */
		E97E994C1E8E22BA00697E43 /* Resources */ = {
			isa = PBXResourcesBuildPhase;
			buildActionMask = 2147483647;
			files = (
				E97E995C1E8E22BA00697E43 /* LaunchScreen.storyboard in Resources */,
				E97E99591E8E22BA00697E43 /* Assets.xcassets in Resources */,
				E97E99571E8E22BA00697E43 /* Main.storyboard in Resources */,
			);
			runOnlyForDeploymentPostprocessing = 0;
		};
		E97E996C1E8E264700697E43 /* Resources */ = {
			isa = PBXResourcesBuildPhase;
			buildActionMask = 2147483647;
			files = (
			);
			runOnlyForDeploymentPostprocessing = 0;
		};
/* End PBXResourcesBuildPhase section */

/* Begin PBXSourcesBuildPhase section */
		E97E994A1E8E22BA00697E43 /* Sources */ = {
			isa = PBXSourcesBuildPhase;
			buildActionMask = 2147483647;
			files = (
				E97E99541E8E22BA00697E43 /* ViewController.swift in Sources */,
				E97E99521E8E22BA00697E43 /* AppDelegate.swift in Sources */,
			);
			runOnlyForDeploymentPostprocessing = 0;
		};
		E97E99691E8E264700697E43 /* Sources */ = {
			isa = PBXSourcesBuildPhase;
			buildActionMask = 2147483647;
			files = (
				E97E997C1E8E265E00697E43 /* CustomView.swift in Sources */,
			);
			runOnlyForDeploymentPostprocessing = 0;
		};
/* End PBXSourcesBuildPhase section */

/* Begin PBXTargetDependency section */
		E97E99741E8E264700697E43 /* PBXTargetDependency */ = {
			isa = PBXTargetDependency;
			target = E97E996D1E8E264700697E43 /* CustomView */;
			targetProxy = E97E99731E8E264700697E43 /* PBXContainerItemProxy */;
		};
/* End PBXTargetDependency section */

/* Begin PBXVariantGroup section */
		E97E99551E8E22BA00697E43 /* Main.storyboard */ = {
			isa = PBXVariantGroup;
			children = (
				E97E99561E8E22BA00697E43 /* Base */,
			);
			name = Main.storyboard;
			sourceTree = "<group>";
		};
		E97E995A1E8E22BA00697E43 /* LaunchScreen.storyboard */ = {
			isa = PBXVariantGroup;
			children = (
				E97E995B1E8E22BA00697E43 /* Base */,
			);
			name = LaunchScreen.storyboard;
			sourceTree = "<group>";
		};
/* End PBXVariantGroup section */

/* Begin XCBuildConfiguration section */
		E97E995E1E8E22BA00697E43 /* Debug */ = {
			isa = XCBuildConfiguration;
			buildSettings = {
				ALWAYS_SEARCH_USER_PATHS = NO;
				CLANG_ANALYZER_NONNULL = YES;
				CLANG_CXX_LANGUAGE_STANDARD = "gnu++0x";
				CLANG_CXX_LIBRARY = "libc++";
				CLANG_ENABLE_MODULES = YES;
				CLANG_ENABLE_OBJC_ARC = YES;
				CLANG_WARN_BOOL_CONVERSION = YES;
				CLANG_WARN_CONSTANT_CONVERSION = YES;
				CLANG_WARN_DIRECT_OBJC_ISA_USAGE = YES_ERROR;
				CLANG_WARN_DOCUMENTATION_COMMENTS = YES;
				CLANG_WARN_EMPTY_BODY = YES;
				CLANG_WARN_ENUM_CONVERSION = YES;
				CLANG_WARN_INFINITE_RECURSION = YES;
				CLANG_WARN_INT_CONVERSION = YES;
				CLANG_WARN_OBJC_ROOT_CLASS = YES_ERROR;
				CLANG_WARN_SUSPICIOUS_MOVE = YES;
				CLANG_WARN_UNREACHABLE_CODE = YES;
				CLANG_WARN__DUPLICATE_METHOD_MATCH = YES;
				"CODE_SIGN_IDENTITY[sdk=iphoneos*]" = "iPhone Developer";
				COPY_PHASE_STRIP = NO;
				DEBUG_INFORMATION_FORMAT = dwarf;
				ENABLE_STRICT_OBJC_MSGSEND = YES;
				ENABLE_TESTABILITY = YES;
				GCC_C_LANGUAGE_STANDARD = gnu99;
				GCC_DYNAMIC_NO_PIC = NO;
				GCC_NO_COMMON_BLOCKS = YES;
				GCC_OPTIMIZATION_LEVEL = 0;
				GCC_PREPROCESSOR_DEFINITIONS = (
					"DEBUG=1",
					"$(inherited)",
				);
				GCC_WARN_64_TO_32_BIT_CONVERSION = YES;
				GCC_WARN_ABOUT_RETURN_TYPE = YES_ERROR;
				GCC_WARN_UNDECLARED_SELECTOR = YES;
				GCC_WARN_UNINITIALIZED_AUTOS = YES_AGGRESSIVE;
				GCC_WARN_UNUSED_FUNCTION = YES;
				GCC_WARN_UNUSED_VARIABLE = YES;
				IPHONEOS_DEPLOYMENT_TARGET = 10.2;
				MTL_ENABLE_DEBUG_INFO = YES;
				ONLY_ACTIVE_ARCH = YES;
				SDKROOT = iphoneos;
				SWIFT_ACTIVE_COMPILATION_CONDITIONS = DEBUG;
				SWIFT_OPTIMIZATION_LEVEL = "-Onone";
				TARGETED_DEVICE_FAMILY = "1,2";
			};
			name = Debug;
		};
		E97E995F1E8E22BA00697E43 /* Release */ = {
			isa = XCBuildConfiguration;
			buildSettings = {
				ALWAYS_SEARCH_USER_PATHS = NO;
				CLANG_ANALYZER_NONNULL = YES;
				CLANG_CXX_LANGUAGE_STANDARD = "gnu++0x";
				CLANG_CXX_LIBRARY = "libc++";
				CLANG_ENABLE_MODULES = YES;
				CLANG_ENABLE_OBJC_ARC = YES;
				CLANG_WARN_BOOL_CONVERSION = YES;
				CLANG_WARN_CONSTANT_CONVERSION = YES;
				CLANG_WARN_DIRECT_OBJC_ISA_USAGE = YES_ERROR;
				CLANG_WARN_DOCUMENTATION_COMMENTS = YES;
				CLANG_WARN_EMPTY_BODY = YES;
				CLANG_WARN_ENUM_CONVERSION = YES;
				CLANG_WARN_INFINITE_RECURSION = YES;
				CLANG_WARN_INT_CONVERSION = YES;
				CLANG_WARN_OBJC_ROOT_CLASS = YES_ERROR;
				CLANG_WARN_SUSPICIOUS_MOVE = YES;
				CLANG_WARN_UNREACHABLE_CODE = YES;
				CLANG_WARN__DUPLICATE_METHOD_MATCH = YES;
				"CODE_SIGN_IDENTITY[sdk=iphoneos*]" = "iPhone Developer";
				COPY_PHASE_STRIP = NO;
				DEBUG_INFORMATION_FORMAT = "dwarf-with-dsym";
				ENABLE_NS_ASSERTIONS = NO;
				ENABLE_STRICT_OBJC_MSGSEND = YES;
				GCC_C_LANGUAGE_STANDARD = gnu99;
				GCC_NO_COMMON_BLOCKS = YES;
				GCC_WARN_64_TO_32_BIT_CONVERSION = YES;
				GCC_WARN_ABOUT_RETURN_TYPE = YES_ERROR;
				GCC_WARN_UNDECLARED_SELECTOR = YES;
				GCC_WARN_UNINITIALIZED_AUTOS = YES_AGGRESSIVE;
				GCC_WARN_UNUSED_FUNCTION = YES;
				GCC_WARN_UNUSED_VARIABLE = YES;
				IPHONEOS_DEPLOYMENT_TARGET = 10.2;
				MTL_ENABLE_DEBUG_INFO = NO;
				SDKROOT = iphoneos;
				SWIFT_OPTIMIZATION_LEVEL = "-Owholemodule";
				TARGETED_DEVICE_FAMILY = "1,2";
				VALIDATE_PRODUCT = YES;
			};
			name = Release;
		};
		E97E99611E8E22BA00697E43 /* Debug */ = {
			isa = XCBuildConfiguration;
			buildSettings = {
				ALWAYS_EMBED_SWIFT_STANDARD_LIBRARIES = YES;
				ASSETCATALOG_COMPILER_APPICON_NAME = AppIcon;
				DEVELOPMENT_TEAM = 847G2LEU54;
				INFOPLIST_FILE = DemoIBDesignableFromNib/Info.plist;
				LD_RUNPATH_SEARCH_PATHS = "$(inherited) @executable_path/Frameworks";
				PRODUCT_BUNDLE_IDENTIFIER = com.example.DemoIBDesignableFromNib;
				PRODUCT_NAME = "$(TARGET_NAME)";
				SWIFT_VERSION = 3.0;
			};
			name = Debug;
		};
		E97E99621E8E22BA00697E43 /* Release */ = {
			isa = XCBuildConfiguration;
			buildSettings = {
				ALWAYS_EMBED_SWIFT_STANDARD_LIBRARIES = YES;
				ASSETCATALOG_COMPILER_APPICON_NAME = AppIcon;
				DEVELOPMENT_TEAM = 847G2LEU54;
				INFOPLIST_FILE = DemoIBDesignableFromNib/Info.plist;
				LD_RUNPATH_SEARCH_PATHS = "$(inherited) @executable_path/Frameworks";
				PRODUCT_BUNDLE_IDENTIFIER = com.example.DemoIBDesignableFromNib;
				PRODUCT_NAME = "$(TARGET_NAME)";
				SWIFT_VERSION = 3.0;
			};
			name = Release;
		};
		E97E99781E8E264700697E43 /* Debug */ = {
			isa = XCBuildConfiguration;
			buildSettings = {
				CODE_SIGN_IDENTITY = "";
				CURRENT_PROJECT_VERSION = 1;
				DEFINES_MODULE = YES;
				DEVELOPMENT_TEAM = 847G2LEU54;
				DYLIB_COMPATIBILITY_VERSION = 1;
				DYLIB_CURRENT_VERSION = 1;
				DYLIB_INSTALL_NAME_BASE = "@rpath";
				INFOPLIST_FILE = CustomView/Info.plist;
				INSTALL_PATH = "$(LOCAL_LIBRARY_DIR)/Frameworks";
				LD_RUNPATH_SEARCH_PATHS = "$(inherited) @executable_path/Frameworks @loader_path/Frameworks";
				PRODUCT_BUNDLE_IDENTIFIER = com.example.CustomView;
				PRODUCT_NAME = "$(TARGET_NAME)";
				SKIP_INSTALL = YES;
				SWIFT_VERSION = 3.0;
				VERSIONING_SYSTEM = "apple-generic";
				VERSION_INFO_PREFIX = "";
			};
			name = Debug;
		};
		E97E99791E8E264700697E43 /* Release */ = {
			isa = XCBuildConfiguration;
			buildSettings = {
				CODE_SIGN_IDENTITY = "";
				CURRENT_PROJECT_VERSION = 1;
				DEFINES_MODULE = YES;
				DEVELOPMENT_TEAM = 847G2LEU54;
				DYLIB_COMPATIBILITY_VERSION = 1;
				DYLIB_CURRENT_VERSION = 1;
				DYLIB_INSTALL_NAME_BASE = "@rpath";
				INFOPLIST_FILE = CustomView/Info.plist;
				INSTALL_PATH = "$(LOCAL_LIBRARY_DIR)/Frameworks";
				LD_RUNPATH_SEARCH_PATHS = "$(inherited) @executable_path/Frameworks @loader_path/Frameworks";
				PRODUCT_BUNDLE_IDENTIFIER = com.example.CustomView;
				PRODUCT_NAME = "$(TARGET_NAME)";
				SKIP_INSTALL = YES;
				SWIFT_VERSION = 3.0;
				VERSIONING_SYSTEM = "apple-generic";
				VERSION_INFO_PREFIX = "";
			};
			name = Release;
		};
/* End XCBuildConfiguration section */

/* Begin XCConfigurationList section */
		E97E99491E8E22BA00697E43 /* Build configuration list for PBXProject "DemoIBDesignableFromNib" */ = {
			isa = XCConfigurationList;
			buildConfigurations = (
				E97E995E1E8E22BA00697E43 /* Debug */,
				E97E995F1E8E22BA00697E43 /* Release */,
			);
			defaultConfigurationIsVisible = 0;
			defaultConfigurationName = Release;
		};
		E97E99601E8E22BA00697E43 /* Build configuration list for PBXNativeTarget "DemoIBDesignableFromNib" */ = {
			isa = XCConfigurationList;
			buildConfigurations = (
				E97E99611E8E22BA00697E43 /* Debug */,
				E97E99621E8E22BA00697E43 /* Release */,
			);
			defaultConfigurationIsVisible = 0;
			defaultConfigurationName = Release;
		};
		E97E99771E8E264700697E43 /* Build configuration list for PBXNativeTarget "CustomView" */ = {
			isa = XCConfigurationList;
			buildConfigurations = (
				E97E99781E8E264700697E43 /* Debug */,
				E97E99791E8E264700697E43 /* Release */,
			);
			defaultConfigurationIsVisible = 0;
			defaultConfigurationName = Release;
		};
/* End XCConfigurationList section */
	};
	rootObject = E97E99461E8E22BA00697E43 /* Project object */;
}
